# THIS IS AN AUTOGENERATED FILE. DO NOT EDIT THIS FILE DIRECTLY.
# yarn lockfile v1


"@babel/helper-validator-identifier@^7.12.11":
  version "7.12.11"
  resolved "https://registry.npm.taobao.org/@babel/helper-validator-identifier/download/@babel/helper-validator-identifier-7.12.11.tgz"
  integrity sha1-yaHwIZF9y1zPDU5FPjmQIpgfye0=

"@babel/parser@^7.12.0", "@babel/parser@^7.13.9":
  version "7.13.15"
  resolved "https://registry.npm.taobao.org/@babel/parser/download/@babel/parser-7.13.15.tgz"
  integrity sha1-jmZ3X7UjWZrLaiieEpKfpasJVNg=

"@babel/types@^7.12.0", "@babel/types@^7.13.0":
  version "7.13.14"
  resolved "https://registry.npm.taobao.org/@babel/types/download/@babel/types-7.13.14.tgz?cache=0&sync_timestamp=1617027526193&other_urls=https%3A%2F%2Fregistry.npm.taobao.org%2F%40babel%2Ftypes%2Fdownload%2F%40babel%2Ftypes-7.13.14.tgz"
  integrity sha1-w1pKuxXHzUWidG14qzKONiy6zg0=
  dependencies:
    "@babel/helper-validator-identifier" "^7.12.11"
    lodash "^4.17.19"
    to-fast-properties "^2.0.0"

"@nodelib/fs.scandir@2.1.4":
  version "2.1.4"
  resolved "https://registry.npm.taobao.org/@nodelib/fs.scandir/download/@nodelib/fs.scandir-2.1.4.tgz?cache=0&sync_timestamp=1609074440839&other_urls=https%3A%2F%2Fregistry.npm.taobao.org%2F%40nodelib%2Ffs.scandir%2Fdownload%2F%40nodelib%2Ffs.scandir-2.1.4.tgz"
  integrity sha1-1LNUml213iaD4MEHGrTxQJBLv2k=
  dependencies:
    "@nodelib/fs.stat" "2.0.4"
    run-parallel "^1.1.9"

"@nodelib/fs.stat@2.0.4", "@nodelib/fs.stat@^2.0.2":
  version "2.0.4"
  resolved "https://registry.npm.taobao.org/@nodelib/fs.stat/download/@nodelib/fs.stat-2.0.4.tgz?cache=0&sync_timestamp=1609074440744&other_urls=https%3A%2F%2Fregistry.npm.taobao.org%2F%40nodelib%2Ffs.stat%2Fdownload%2F%40nodelib%2Ffs.stat-2.0.4.tgz"
  integrity sha1-o/LdYbq0O424+hCKEhz//kxnZlU=

"@nodelib/fs.walk@^1.2.3":
  version "1.2.6"
  resolved "https://registry.npm.taobao.org/@nodelib/fs.walk/download/@nodelib/fs.walk-1.2.6.tgz?cache=0&sync_timestamp=1609077069715&other_urls=https%3A%2F%2Fregistry.npm.taobao.org%2F%40nodelib%2Ffs.walk%2Fdownload%2F%40nodelib%2Ffs.walk-1.2.6.tgz"
  integrity sha1-zOk5azCqWv6eN1Zgj1gxrctT0GM=
  dependencies:
    "@nodelib/fs.scandir" "2.1.4"
    fastq "^1.6.0"

"@popperjs/core@^2.4.4":
  version "2.9.2"
  resolved "https://registry.npm.taobao.org/@popperjs/core/download/@popperjs/core-2.9.2.tgz?cache=0&sync_timestamp=1617291042068&other_urls=https%3A%2F%2Fregistry.npm.taobao.org%2F%40popperjs%2Fcore%2Fdownload%2F%40popperjs%2Fcore-2.9.2.tgz"
  integrity sha1-rep7aVPLs0ZRdmsFSEaOdDxqI1M=

"@rollup/plugin-node-resolve@^11.2.1":
  version "11.2.1"
  resolved "https://registry.npm.taobao.org/@rollup/plugin-node-resolve/download/@rollup/plugin-node-resolve-11.2.1.tgz"
  integrity sha1-gqpZOXopzU4TJIsQbmpKGIA2KmA=
  dependencies:
    "@rollup/pluginutils" "^3.1.0"
    "@types/resolve" "1.17.1"
    builtin-modules "^3.1.0"
    deepmerge "^4.2.2"
    is-module "^1.0.0"
    resolve "^1.19.0"

"@rollup/pluginutils@^3.1.0":
  version "3.1.0"
  resolved "https://registry.npm.taobao.org/@rollup/pluginutils/download/@rollup/pluginutils-3.1.0.tgz"
  integrity sha1-cGtFJO5tyLEDs8mVUz5a1oDAK5s=
  dependencies:
    "@types/estree" "0.0.39"
    estree-walker "^1.0.1"
    picomatch "^2.2.2"

"@rollup/pluginutils@^4.1.0":
  version "4.1.0"
  resolved "https://registry.npm.taobao.org/@rollup/pluginutils/download/@rollup/pluginutils-4.1.0.tgz#0dcc61c780e39257554feb7f77207dceca13c838"
  integrity sha1-Dcxhx4DjkldVT+t/dyB9zsoTyDg=
  dependencies:
    estree-walker "^2.0.1"
    picomatch "^2.2.2"

"@types/estree@0.0.39":
  version "0.0.39"
  resolved "https://registry.npm.taobao.org/@types/estree/download/@types/estree-0.0.39.tgz?cache=0&sync_timestamp=1616657643132&other_urls=https%3A%2F%2Fregistry.npm.taobao.org%2F%40types%2Festree%2Fdownload%2F%40types%2Festree-0.0.39.tgz"
  integrity sha1-4Xfmme4bjCLSMXTKqnQiZEOJUJ8=

"@types/lodash@^4.14.161":
  version "4.14.168"
  resolved "https://registry.npm.taobao.org/@types/lodash/download/@types/lodash-4.14.168.tgz?cache=0&sync_timestamp=1613379222224&other_urls=https%3A%2F%2Fregistry.npm.taobao.org%2F%40types%2Flodash%2Fdownload%2F%40types%2Flodash-4.14.168.tgz"
  integrity sha1-/iRjLnm3rePxMoka//hsql5c4Ag=

"@types/mockjs@^1.0.3":
  version "1.0.3"
  resolved "https://registry.npm.taobao.org/@types/mockjs/download/@types/mockjs-1.0.3.tgz"
  integrity sha1-vY7jx8u9mhh4irZ3ueT5fI0LsL8=

"@types/node@*":
  version "14.14.37"
  resolved "https://registry.npm.taobao.org/@types/node/download/@types/node-14.14.37.tgz?cache=0&sync_timestamp=1616803652202&other_urls=https%3A%2F%2Fregistry.npm.taobao.org%2F%40types%2Fnode%2Fdownload%2F%40types%2Fnode-14.14.37.tgz"
  integrity sha1-o92NpOuEqZbDbjMd+Y2Cq9drUW4=

"@types/resolve@1.17.1":
  version "1.17.1"
  resolved "https://registry.npm.taobao.org/@types/resolve/download/@types/resolve-1.17.1.tgz"
  integrity sha1-Ov1q2JZ8d+Q3bFmKgt3Vj0bsRdY=
  dependencies:
    "@types/node" "*"

"@vitejs/plugin-vue@^1.2.1":
  version "1.2.1"
  resolved "https://registry.npm.taobao.org/@vitejs/plugin-vue/download/@vitejs/plugin-vue-1.2.1.tgz?cache=0&sync_timestamp=1617152725801&other_urls=https%3A%2F%2Fregistry.npm.taobao.org%2F%40vitejs%2Fplugin-vue%2Fdownload%2F%40vitejs%2Fplugin-vue-1.2.1.tgz"
  integrity sha1-beSUNvw0b4KaVmdgZkKOPwEVIqw=

"@vue/compiler-core@3.0.11":
  version "3.0.11"
  resolved "https://registry.npm.taobao.org/@vue/compiler-core/download/@vue/compiler-core-3.0.11.tgz"
  integrity sha1-XvV55G17M2uHNSKHWNHCxQWq5po=
  dependencies:
    "@babel/parser" "^7.12.0"
    "@babel/types" "^7.12.0"
    "@vue/shared" "3.0.11"
    estree-walker "^2.0.1"
    source-map "^0.6.1"

"@vue/compiler-dom@3.0.11":
  version "3.0.11"
  resolved "https://registry.npm.taobao.org/@vue/compiler-dom/download/@vue/compiler-dom-3.0.11.tgz?cache=0&sync_timestamp=1617321696823&other_urls=https%3A%2F%2Fregistry.npm.taobao.org%2F%40vue%2Fcompiler-dom%2Fdownload%2F%40vue%2Fcompiler-dom-3.0.11.tgz"
  integrity sha1-sV/ByQk3H9ZxdGAgulW12rSnMO4=
  dependencies:
    "@vue/compiler-core" "3.0.11"
    "@vue/shared" "3.0.11"

"@vue/compiler-sfc@^3.0.5":
  version "3.0.11"
  resolved "https://registry.npm.taobao.org/@vue/compiler-sfc/download/@vue/compiler-sfc-3.0.11.tgz"
  integrity sha1-zYyiFUuIlntSH1rTsQ9fi2tmVnk=
  dependencies:
    "@babel/parser" "^7.13.9"
    "@babel/types" "^7.13.0"
    "@vue/compiler-core" "3.0.11"
    "@vue/compiler-dom" "3.0.11"
    "@vue/compiler-ssr" "3.0.11"
    "@vue/shared" "3.0.11"
    consolidate "^0.16.0"
    estree-walker "^2.0.1"
    hash-sum "^2.0.0"
    lru-cache "^5.1.1"
    magic-string "^0.25.7"
    merge-source-map "^1.1.0"
    postcss "^8.1.10"
    postcss-modules "^4.0.0"
    postcss-selector-parser "^6.0.4"
    source-map "^0.6.1"

"@vue/compiler-ssr@3.0.11":
  version "3.0.11"
  resolved "https://registry.npm.taobao.org/@vue/compiler-ssr/download/@vue/compiler-ssr-3.0.11.tgz"
  integrity sha1-rFoF/RJXQS+mYHnII9ggO2qImhM=
  dependencies:
    "@vue/compiler-dom" "3.0.11"
    "@vue/shared" "3.0.11"

"@vue/reactivity@3.0.11":
  version "3.0.11"
  resolved "https://registry.npm.taobao.org/@vue/reactivity/download/@vue/reactivity-3.0.11.tgz"
  integrity sha1-B7WINJ/QViaxfzUAy+99S9tNvQs=
  dependencies:
    "@vue/shared" "3.0.11"

"@vue/runtime-core@3.0.11":
  version "3.0.11"
  resolved "https://registry.npm.taobao.org/@vue/runtime-core/download/@vue/runtime-core-3.0.11.tgz?cache=0&sync_timestamp=1617321642288&other_urls=https%3A%2F%2Fregistry.npm.taobao.org%2F%40vue%2Fruntime-core%2Fdownload%2F%40vue%2Fruntime-core-3.0.11.tgz"
  integrity sha1-xS38as8yFUk2I1UsHCkZCAxWLkQ=
  dependencies:
    "@vue/reactivity" "3.0.11"
    "@vue/shared" "3.0.11"

"@vue/runtime-dom@3.0.11":
  version "3.0.11"
  resolved "https://registry.npm.taobao.org/@vue/runtime-dom/download/@vue/runtime-dom-3.0.11.tgz?cache=0&sync_timestamp=1617321643408&other_urls=https%3A%2F%2Fregistry.npm.taobao.org%2F%40vue%2Fruntime-dom%2Fdownload%2F%40vue%2Fruntime-dom-3.0.11.tgz"
  integrity sha1-elUt8hkHlCch/raWHEGOIippkzc=
  dependencies:
    "@vue/runtime-core" "3.0.11"
    "@vue/shared" "3.0.11"
    csstype "^2.6.8"

"@vue/shared@3.0.11":
  version "3.0.11"
  resolved "https://registry.npm.taobao.org/@vue/shared/download/@vue/shared-3.0.11.tgz"
  integrity sha1-INIt0Np9NYuyHBf5vehigVJkLHc=

ansi-styles@^4.1.0:
  version "4.3.0"
  resolved "https://registry.npm.taobao.org/ansi-styles/download/ansi-styles-4.3.0.tgz"
  integrity sha1-7dgDYornHATIWuegkG7a00tkiTc=
  dependencies:
    color-convert "^2.0.1"

anymatch@~3.1.1:
  version "3.1.2"
  resolved "https://registry.npm.taobao.org/anymatch/download/anymatch-3.1.2.tgz?cache=0&sync_timestamp=1617747806715&other_urls=https%3A%2F%2Fregistry.npm.taobao.org%2Fanymatch%2Fdownload%2Fanymatch-3.1.2.tgz"
  integrity sha1-wFV8CWrzLxBhmPT04qODU343hxY=
  dependencies:
    normalize-path "^3.0.0"
    picomatch "^2.0.4"

async-validator@^3.4.0:
  version "3.5.1"
  resolved "https://registry.npm.taobao.org/async-validator/download/async-validator-3.5.1.tgz?cache=0&sync_timestamp=1605751798748&other_urls=https%3A%2F%2Fregistry.npm.taobao.org%2Fasync-validator%2Fdownload%2Fasync-validator-3.5.1.tgz"
  integrity sha1-zWK5aIskZfSEIOJ620d2CrG1VZ8=

big.js@^5.2.2:
  version "5.2.2"
  resolved "https://registry.npm.taobao.org/big.js/download/big.js-5.2.2.tgz"
  integrity sha1-ZfCvOC9Xi83HQr2cKB6cstd2gyg=

binary-extensions@^2.0.0:
  version "2.2.0"
  resolved "https://registry.npm.taobao.org/binary-extensions/download/binary-extensions-2.2.0.tgz?cache=0&sync_timestamp=1610299322955&other_urls=https%3A%2F%2Fregistry.npm.taobao.org%2Fbinary-extensions%2Fdownload%2Fbinary-extensions-2.2.0.tgz"
  integrity sha1-dfUC7q+f/eQvyYgpZFvk6na9ni0=

bluebird@^3.7.2:
  version "3.7.2"
  resolved "https://registry.npm.taobao.org/bluebird/download/bluebird-3.7.2.tgz?cache=0&sync_timestamp=1602657218976&other_urls=https%3A%2F%2Fregistry.npm.taobao.org%2Fbluebird%2Fdownload%2Fbluebird-3.7.2.tgz"
  integrity sha1-nyKcFb4nJFT/qXOs4NvueaGww28=

braces@^3.0.1, braces@~3.0.2:
  version "3.0.2"
  resolved "https://registry.npm.taobao.org/braces/download/braces-3.0.2.tgz"
  integrity sha1-NFThpGLujVmeI23zNs2epPiv4Qc=
  dependencies:
    fill-range "^7.0.1"

builtin-modules@^3.1.0:
  version "3.2.0"
  resolved "https://registry.npm.taobao.org/builtin-modules/download/builtin-modules-3.2.0.tgz?cache=0&sync_timestamp=1608615115799&other_urls=https%3A%2F%2Fregistry.npm.taobao.org%2Fbuiltin-modules%2Fdownload%2Fbuiltin-modules-3.2.0.tgz"
  integrity sha1-RdXbmefuXmvE82LgCL+RerUEmIc=

camel-case@^4.1.2:
  version "4.1.2"
  resolved "https://registry.npm.taobao.org/camel-case/download/camel-case-4.1.2.tgz?cache=0&sync_timestamp=1606867311564&other_urls=https%3A%2F%2Fregistry.npm.taobao.org%2Fcamel-case%2Fdownload%2Fcamel-case-4.1.2.tgz#9728072a954f805228225a6deea6b38461e1bd5a"
  integrity sha1-lygHKpVPgFIoIlpt7qazhGHhvVo=
  dependencies:
    pascal-case "^3.1.2"
    tslib "^2.0.3"

capital-case@^1.0.4:
  version "1.0.4"
  resolved "https://registry.npm.taobao.org/capital-case/download/capital-case-1.0.4.tgz?cache=0&sync_timestamp=1606867282943&other_urls=https%3A%2F%2Fregistry.npm.taobao.org%2Fcapital-case%2Fdownload%2Fcapital-case-1.0.4.tgz#9d130292353c9249f6b00fa5852bee38a717e669"
  integrity sha1-nRMCkjU8kkn2sA+lhSvuOKcX5mk=
  dependencies:
    no-case "^3.0.4"
    tslib "^2.0.3"
    upper-case-first "^2.0.2"

chalk@^4.1.0:
  version "4.1.0"
  resolved "https://registry.npm.taobao.org/chalk/download/chalk-4.1.0.tgz"
  integrity sha1-ThSHCmGNni7dl92DRf2dncMVZGo=
  dependencies:
    ansi-styles "^4.1.0"
    supports-color "^7.1.0"

change-case@^4.1.2:
  version "4.1.2"
  resolved "https://registry.npm.taobao.org/change-case/download/change-case-4.1.2.tgz#fedfc5f136045e2398c0410ee441f95704641e12"
  integrity sha1-/t/F8TYEXiOYwEEO5EH5VwRkHhI=
  dependencies:
    camel-case "^4.1.2"
    capital-case "^1.0.4"
    constant-case "^3.0.4"
    dot-case "^3.0.4"
    header-case "^2.0.4"
    no-case "^3.0.4"
    param-case "^3.0.4"
    pascal-case "^3.1.2"
    path-case "^3.0.4"
    sentence-case "^3.0.4"
    snake-case "^3.0.4"
    tslib "^2.0.3"

"chokidar@>=2.0.0 <4.0.0", chokidar@^3.5.1:
  version "3.5.1"
  resolved "https://registry.npm.taobao.org/chokidar/download/chokidar-3.5.1.tgz?cache=0&sync_timestamp=1610719375974&other_urls=https%3A%2F%2Fregistry.npm.taobao.org%2Fchokidar%2Fdownload%2Fchokidar-3.5.1.tgz"
  integrity sha1-7pznu+vSt59J8wR5nVRo4x4U5oo=
  dependencies:
    anymatch "~3.1.1"
    braces "~3.0.2"
    glob-parent "~5.1.0"
    is-binary-path "~2.1.0"
    is-glob "~4.0.1"
    normalize-path "~3.0.0"
    readdirp "~3.5.0"
  optionalDependencies:
    fsevents "~2.3.1"

color-convert@^2.0.1:
  version "2.0.1"
  resolved "https://registry.npm.taobao.org/color-convert/download/color-convert-2.0.1.tgz"
  integrity sha1-ctOmjVmMm9s68q0ehPIdiWq9TeM=
  dependencies:
    color-name "~1.1.4"

color-name@~1.1.4:
  version "1.1.4"
  resolved "https://registry.npm.taobao.org/color-name/download/color-name-1.1.4.tgz"
  integrity sha1-wqCah6y95pVD3m9j+jmVyCbFNqI=

colorette@^1.2.2:
  version "1.2.2"
  resolved "https://registry.npm.taobao.org/colorette/download/colorette-1.2.2.tgz?cache=0&sync_timestamp=1614259647923&other_urls=https%3A%2F%2Fregistry.npm.taobao.org%2Fcolorette%2Fdownload%2Fcolorette-1.2.2.tgz"
  integrity sha1-y8x51emcrqLb8Q6zom/Ys+as+pQ=

commander@*:
  version "7.2.0"
  resolved "https://registry.npm.taobao.org/commander/download/commander-7.2.0.tgz?cache=0&sync_timestamp=1616364569946&other_urls=https%3A%2F%2Fregistry.npm.taobao.org%2Fcommander%2Fdownload%2Fcommander-7.2.0.tgz"
  integrity sha1-o2y1fQtQHOEI5NIFWaFQo5HZerc=

connect@^3.7.0:
  version "3.7.0"
  resolved "https://registry.npm.taobao.org/connect/download/connect-3.7.0.tgz"
  integrity sha1-XUk0iRDKpeB6AYALAw0MNfIEhPg=
  dependencies:
    debug "2.6.9"
    finalhandler "1.1.2"
    parseurl "~1.3.3"
    utils-merge "1.0.1"

consolidate@^0.16.0:
  version "0.16.0"
  resolved "https://registry.npm.taobao.org/consolidate/download/consolidate-0.16.0.tgz"
  integrity sha1-oRhkdokw8vGUMWYKZZBmaPX73BY=
  dependencies:
    bluebird "^3.7.2"

constant-case@^3.0.4:
  version "3.0.4"
  resolved "https://registry.npm.taobao.org/constant-case/download/constant-case-3.0.4.tgz?cache=0&sync_timestamp=1606867255831&other_urls=https%3A%2F%2Fregistry.npm.taobao.org%2Fconstant-case%2Fdownload%2Fconstant-case-3.0.4.tgz#3b84a9aeaf4cf31ec45e6bf5de91bdfb0589faf1"
  integrity sha1-O4Sprq9M8x7EXmv13pG9+wWJ+vE=
  dependencies:
    no-case "^3.0.4"
    tslib "^2.0.3"
    upper-case "^2.0.2"

cross-env@^7.0.3:
  version "7.0.3"
  resolved "https://registry.npm.taobao.org/cross-env/download/cross-env-7.0.3.tgz?cache=0&sync_timestamp=1606855533528&other_urls=https%3A%2F%2Fregistry.npm.taobao.org%2Fcross-env%2Fdownload%2Fcross-env-7.0.3.tgz"
  integrity sha1-hlJkspZ33AFbqEGJGJZd0jL8VM8=
  dependencies:
    cross-spawn "^7.0.1"

cross-spawn@^7.0.1:
  version "7.0.3"
  resolved "https://registry.npm.taobao.org/cross-spawn/download/cross-spawn-7.0.3.tgz"
  integrity sha1-9zqFudXUHQRVUcF34ogtSshXKKY=
  dependencies:
    path-key "^3.1.0"
    shebang-command "^2.0.0"
    which "^2.0.1"

cssesc@^3.0.0:
  version "3.0.0"
  resolved "https://registry.npm.taobao.org/cssesc/download/cssesc-3.0.0.tgz"
  integrity sha1-N3QZGZA7hoVl4cCep0dEXNGJg+4=

csstype@^2.6.8:
  version "2.6.16"
  resolved "https://registry.npm.taobao.org/csstype/download/csstype-2.6.16.tgz"
  integrity sha1-VE1p9UcBO4WkDRW/912zjzT+nDk=

dayjs@1.x:
  version "1.10.4"
  resolved "https://registry.npm.taobao.org/dayjs/download/dayjs-1.10.4.tgz"
  integrity sha1-jlRKm4aD9heD9XCYCoqA6vVKseI=

debug@2.6.9:
  version "2.6.9"
  resolved "https://registry.npm.taobao.org/debug/download/debug-2.6.9.tgz?cache=0&sync_timestamp=1607566548985&other_urls=https%3A%2F%2Fregistry.npm.taobao.org%2Fdebug%2Fdownload%2Fdebug-2.6.9.tgz"
  integrity sha1-XRKFFd8TT/Mn6QpMk/Tgd6U2NB8=
  dependencies:
    ms "2.0.0"

debug@^4.3.2:
  version "4.3.2"
  resolved "https://registry.npm.taobao.org/debug/download/debug-4.3.2.tgz?cache=0&sync_timestamp=1607566548985&other_urls=https%3A%2F%2Fregistry.npm.taobao.org%2Fdebug%2Fdownload%2Fdebug-4.3.2.tgz"
  integrity sha1-8KScGKyHeeMdSgxgKd+3aHPHQos=
  dependencies:
    ms "2.1.2"

deepmerge@^4.2.2:
  version "4.2.2"
  resolved "https://registry.npm.taobao.org/deepmerge/download/deepmerge-4.2.2.tgz?cache=0&sync_timestamp=1606805746825&other_urls=https%3A%2F%2Fregistry.npm.taobao.org%2Fdeepmerge%2Fdownload%2Fdeepmerge-4.2.2.tgz"
  integrity sha1-RNLqNnm49NT/ujPwPYZfwee/SVU=

dot-case@^3.0.4:
  version "3.0.4"
  resolved "https://registry.npm.taobao.org/dot-case/download/dot-case-3.0.4.tgz?cache=0&sync_timestamp=1606867255091&other_urls=https%3A%2F%2Fregistry.npm.taobao.org%2Fdot-case%2Fdownload%2Fdot-case-3.0.4.tgz#9b2b670d00a431667a8a75ba29cd1b98809ce751"
  integrity sha1-mytnDQCkMWZ6inW6Kc0bmICc51E=
  dependencies:
    no-case "^3.0.4"
    tslib "^2.0.3"

ee-first@1.1.1:
  version "1.1.1"
  resolved "https://registry.npm.taobao.org/ee-first/download/ee-first-1.1.1.tgz"
  integrity sha1-WQxhFWsK4vTwJVcyoViyZrxWsh0=

element-plus@^1.0.2-beta.40:
  version "1.0.2-beta.40"
  resolved "https://registry.npm.taobao.org/element-plus/download/element-plus-1.0.2-beta.40.tgz?cache=0&sync_timestamp=1618372698493&other_urls=https%3A%2F%2Fregistry.npm.taobao.org%2Felement-plus%2Fdownload%2Felement-plus-1.0.2-beta.40.tgz"
  integrity sha1-MPybFhSWrlh/q4YjXIC3KOpD2Qk=
  dependencies:
    "@popperjs/core" "^2.4.4"
    "@types/lodash" "^4.14.161"
    async-validator "^3.4.0"
    dayjs "1.x"
    lodash "^4.17.20"
    mitt "^2.1.0"
    normalize-wheel "^1.0.1"
    resize-observer-polyfill "^1.5.1"

emojis-list@^3.0.0:
  version "3.0.0"
  resolved "https://registry.npm.taobao.org/emojis-list/download/emojis-list-3.0.0.tgz"
  integrity sha1-VXBmIEatKeLpFucariYKvf9Pang=

encodeurl@~1.0.2:
  version "1.0.2"
  resolved "https://registry.npm.taobao.org/encodeurl/download/encodeurl-1.0.2.tgz"
  integrity sha1-rT/0yG7C0CkyL1oCw6mmBslbP1k=

es-module-lexer@^0.4.1:
  version "0.4.1"
  resolved "https://registry.npm.taobao.org/es-module-lexer/download/es-module-lexer-0.4.1.tgz?cache=0&sync_timestamp=1614787593987&other_urls=https%3A%2F%2Fregistry.npm.taobao.org%2Fes-module-lexer%2Fdownload%2Fes-module-lexer-0.4.1.tgz#dda8c6a14d8f340a24e34331e0fab0cb50438e0e"
  integrity sha1-3ajGoU2PNAok40Mx4Pqwy1BDjg4=

esbuild@^0.11.4:
  version "0.11.9"
  resolved "https://registry.npm.taobao.org/esbuild/download/esbuild-0.11.9.tgz"
  integrity sha1-QIv0+1rpq8LyfVa2LhmqtpdoeXU=

esbuild@^0.9.3:
  version "0.9.7"
  resolved "https://registry.npm.taobao.org/esbuild/download/esbuild-0.9.7.tgz"
  integrity sha1-6g1jnL5LiOwl++1Nb/AMjXiO9ws=

escape-html@~1.0.3:
  version "1.0.3"
  resolved "https://registry.npm.taobao.org/escape-html/download/escape-html-1.0.3.tgz"
  integrity sha1-Aljq5NPQwJdN4cFpGI7wBR0dGYg=

estree-walker@^1.0.1:
  version "1.0.1"
  resolved "https://registry.npm.taobao.org/estree-walker/download/estree-walker-1.0.1.tgz"
  integrity sha1-MbxdYSyWtwQQa0d+bdXYqhOMtwA=

estree-walker@^2.0.1:
  version "2.0.2"
  resolved "https://registry.npm.taobao.org/estree-walker/download/estree-walker-2.0.2.tgz"
  integrity sha1-UvAQF4wqTBF6d1fP6UKtt9LaTKw=

fast-glob@^3.2.5:
  version "3.2.5"
  resolved "https://registry.npm.taobao.org/fast-glob/download/fast-glob-3.2.5.tgz?cache=0&sync_timestamp=1610876507758&other_urls=https%3A%2F%2Fregistry.npm.taobao.org%2Ffast-glob%2Fdownload%2Ffast-glob-3.2.5.tgz"
  integrity sha1-eTmvKmVt55pPGQGQPuityqfLlmE=
  dependencies:
    "@nodelib/fs.stat" "^2.0.2"
    "@nodelib/fs.walk" "^1.2.3"
    glob-parent "^5.1.0"
    merge2 "^1.3.0"
    micromatch "^4.0.2"
    picomatch "^2.2.1"

fastq@^1.6.0:
  version "1.11.0"
  resolved "https://registry.npm.taobao.org/fastq/download/fastq-1.11.0.tgz"
  integrity sha1-u5+5VaBxMKkY62PB9RYcwypdCFg=
  dependencies:
    reusify "^1.0.4"

fill-range@^7.0.1:
  version "7.0.1"
  resolved "https://registry.npm.taobao.org/fill-range/download/fill-range-7.0.1.tgz"
  integrity sha1-GRmmp8df44ssfHflGYU12prN2kA=
  dependencies:
    to-regex-range "^5.0.1"

finalhandler@1.1.2:
  version "1.1.2"
  resolved "https://registry.npm.taobao.org/finalhandler/download/finalhandler-1.1.2.tgz"
  integrity sha1-t+fQAP/RGTjQ/bBTUG9uur6fWH0=
  dependencies:
    debug "2.6.9"
    encodeurl "~1.0.2"
    escape-html "~1.0.3"
    on-finished "~2.3.0"
    parseurl "~1.3.3"
    statuses "~1.5.0"
    unpipe "~1.0.0"

fsevents@~2.3.1:
  version "2.3.2"
  resolved "https://registry.npm.taobao.org/fsevents/download/fsevents-2.3.2.tgz?cache=0&sync_timestamp=1612536546156&other_urls=https%3A%2F%2Fregistry.npm.taobao.org%2Ffsevents%2Fdownload%2Ffsevents-2.3.2.tgz"
  integrity sha1-ilJveLj99GI7cJ4Ll1xSwkwC/Ro=

function-bind@^1.1.1:
  version "1.1.1"
  resolved "https://registry.npm.taobao.org/function-bind/download/function-bind-1.1.1.tgz"
  integrity sha1-pWiZ0+o8m6uHS7l3O3xe3pL0iV0=

generic-names@^2.0.1:
  version "2.0.1"
  resolved "https://registry.npm.taobao.org/generic-names/download/generic-names-2.0.1.tgz"
  integrity sha1-+KN46tLMqno08DF7BVVIMq5BuHI=
  dependencies:
    loader-utils "^1.1.0"

glob-parent@^5.1.0, glob-parent@~5.1.0:
  version "5.1.2"
  resolved "https://registry.npm.taobao.org/glob-parent/download/glob-parent-5.1.2.tgz"
  integrity sha1-hpgyxYA0/mikCTwX3BXoNA2EAcQ=
  dependencies:
    is-glob "^4.0.1"

has-flag@^4.0.0:
  version "4.0.0"
  resolved "https://registry.npm.taobao.org/has-flag/download/has-flag-4.0.0.tgz"
  integrity sha1-lEdx/ZyByBJlxNaUGGDaBrtZR5s=

has@^1.0.3:
  version "1.0.3"
  resolved "https://registry.npm.taobao.org/has/download/has-1.0.3.tgz"
  integrity sha1-ci18v8H2qoJB8W3YFOAR4fQeh5Y=
  dependencies:
    function-bind "^1.1.1"

hash-sum@^2.0.0:
  version "2.0.0"
  resolved "https://registry.npm.taobao.org/hash-sum/download/hash-sum-2.0.0.tgz"
  integrity sha1-gdAbtd6OpKIUrV1urRtSNGCwtFo=

header-case@^2.0.4:
  version "2.0.4"
  resolved "https://registry.npm.taobao.org/header-case/download/header-case-2.0.4.tgz?cache=0&sync_timestamp=1606867254112&other_urls=https%3A%2F%2Fregistry.npm.taobao.org%2Fheader-case%2Fdownload%2Fheader-case-2.0.4.tgz#5a42e63b55177349cf405beb8d775acabb92c063"
  integrity sha1-WkLmO1UXc0nPQFvrjXdayruSwGM=
  dependencies:
    capital-case "^1.0.4"
    tslib "^2.0.3"

icss-replace-symbols@^1.1.0:
  version "1.1.0"
  resolved "https://registry.npm.taobao.org/icss-replace-symbols/download/icss-replace-symbols-1.1.0.tgz"
  integrity sha1-Bupvg2ead0njhs/h/oEq5dsiPe0=

icss-utils@^5.0.0:
  version "5.1.0"
  resolved "https://registry.npm.taobao.org/icss-utils/download/icss-utils-5.1.0.tgz?cache=0&sync_timestamp=1605801312995&other_urls=https%3A%2F%2Fregistry.npm.taobao.org%2Ficss-utils%2Fdownload%2Ficss-utils-5.1.0.tgz"
  integrity sha1-xr5oWKvQE9do6YNmrkfiXViHsa4=

indexes-of@^1.0.1:
  version "1.0.1"
  resolved "https://registry.npm.taobao.org/indexes-of/download/indexes-of-1.0.1.tgz"
  integrity sha1-8w9xbI4r00bHtn0985FVZqfAVgc=

is-binary-path@~2.1.0:
  version "2.1.0"
  resolved "https://registry.npm.taobao.org/is-binary-path/download/is-binary-path-2.1.0.tgz"
  integrity sha1-6h9/O4DwZCNug0cPhsCcJU+0Wwk=
  dependencies:
    binary-extensions "^2.0.0"

is-core-module@^2.2.0:
  version "2.2.0"
  resolved "https://registry.npm.taobao.org/is-core-module/download/is-core-module-2.2.0.tgz"
  integrity sha1-lwN+89UiJNhRY/VZeytj2a/tmBo=
  dependencies:
    has "^1.0.3"

is-extglob@^2.1.1:
  version "2.1.1"
  resolved "https://registry.npm.taobao.org/is-extglob/download/is-extglob-2.1.1.tgz"
  integrity sha1-qIwCU1eR8C7TfHahueqXc8gz+MI=

is-glob@^4.0.1, is-glob@~4.0.1:
  version "4.0.1"
  resolved "https://registry.npm.taobao.org/is-glob/download/is-glob-4.0.1.tgz"
  integrity sha1-dWfb6fL14kZ7x3q4PEopSCQHpdw=
  dependencies:
    is-extglob "^2.1.1"

is-module@^1.0.0:
  version "1.0.0"
  resolved "https://registry.npm.taobao.org/is-module/download/is-module-1.0.0.tgz"
  integrity sha1-Mlj7afeMFNW4FdZkM2tM/7ZEFZE=

is-number@^7.0.0:
  version "7.0.0"
  resolved "https://registry.npm.taobao.org/is-number/download/is-number-7.0.0.tgz"
  integrity sha1-dTU0W4lnNNX4DE0GxQlVUnoU8Ss=

isexe@^2.0.0:
  version "2.0.0"
  resolved "https://registry.npm.taobao.org/isexe/download/isexe-2.0.0.tgz"
  integrity sha1-6PvzdNxVb/iUehDcsFctYz8s+hA=

json5@^1.0.1:
  version "1.0.1"
  resolved "https://registry.npm.taobao.org/json5/download/json5-1.0.1.tgz"
  integrity sha1-d5+wAYYE+oVOrL9iUhgNg1Q+Pb4=
  dependencies:
    minimist "^1.2.0"

loader-utils@^1.1.0:
  version "1.4.0"
  resolved "https://registry.npm.taobao.org/loader-utils/download/loader-utils-1.4.0.tgz"
  integrity sha1-xXm140yzSxp07cbB+za/o3HVphM=
  dependencies:
    big.js "^5.2.2"
    emojis-list "^3.0.0"
    json5 "^1.0.1"

lodash.camelcase@^4.3.0:
  version "4.3.0"
  resolved "https://registry.npm.taobao.org/lodash.camelcase/download/lodash.camelcase-4.3.0.tgz"
  integrity sha1-soqmKIorn8ZRA1x3EfZathkDMaY=

lodash@^4.17.19, lodash@^4.17.20:
  version "4.17.21"
  resolved "https://registry.npm.taobao.org/lodash/download/lodash-4.17.21.tgz"
  integrity sha1-Z5WRxWTDv/quhFTPCz3zcMPWkRw=

lower-case@^2.0.2:
  version "2.0.2"
  resolved "https://registry.npm.taobao.org/lower-case/download/lower-case-2.0.2.tgz?cache=0&sync_timestamp=1606867384237&other_urls=https%3A%2F%2Fregistry.npm.taobao.org%2Flower-case%2Fdownload%2Flower-case-2.0.2.tgz#6fa237c63dbdc4a82ca0fd882e4722dc5e634e28"
  integrity sha1-b6I3xj29xKgsoP2ILkci3F5jTig=
  dependencies:
    tslib "^2.0.3"

lru-cache@^5.1.1:
  version "5.1.1"
  resolved "https://registry.npm.taobao.org/lru-cache/download/lru-cache-5.1.1.tgz?cache=0&sync_timestamp=1615683082252&other_urls=https%3A%2F%2Fregistry.npm.taobao.org%2Flru-cache%2Fdownload%2Flru-cache-5.1.1.tgz"
  integrity sha1-HaJ+ZxAnGUdpXa9oSOhH8B2EuSA=
  dependencies:
    yallist "^3.0.2"

magic-string@^0.25.7:
  version "0.25.7"
  resolved "https://registry.npm.taobao.org/magic-string/download/magic-string-0.25.7.tgz"
  integrity sha1-P0l9b9NMZpxnmNy4IfLvMfVEUFE=
  dependencies:
    sourcemap-codec "^1.4.4"

merge-source-map@^1.1.0:
  version "1.1.0"
  resolved "https://registry.npm.taobao.org/merge-source-map/download/merge-source-map-1.1.0.tgz"
  integrity sha1-L93n5gIJOfcJBqaPLXrmheTIxkY=
  dependencies:
    source-map "^0.6.1"

merge2@^1.3.0:
  version "1.4.1"
  resolved "https://registry.npm.taobao.org/merge2/download/merge2-1.4.1.tgz"
  integrity sha1-Q2iJL4hekHRVpv19xVwMnUBJkK4=

micromatch@^4.0.2:
  version "4.0.4"
  resolved "https://registry.npm.taobao.org/micromatch/download/micromatch-4.0.4.tgz?cache=0&sync_timestamp=1618054841521&other_urls=https%3A%2F%2Fregistry.npm.taobao.org%2Fmicromatch%2Fdownload%2Fmicromatch-4.0.4.tgz"
  integrity sha1-iW1Rnf6dsl/OlM63pQCRm/iB6/k=
  dependencies:
    braces "^3.0.1"
    picomatch "^2.2.3"

minimist@^1.2.0:
  version "1.2.5"
  resolved "https://registry.npm.taobao.org/minimist/download/minimist-1.2.5.tgz"
  integrity sha1-Z9ZgFLZqaoqqDAg8X9WN9OTpdgI=

mitt@^2.1.0:
  version "2.1.0"
  resolved "https://registry.npm.taobao.org/mitt/download/mitt-2.1.0.tgz"
  integrity sha1-90BXfCMXbGIFsSGylzUU6t4bIjA=

mockjs@^1.1.0:
  version "1.1.0"
  resolved "https://registry.npm.taobao.org/mockjs/download/mockjs-1.1.0.tgz"
  integrity sha1-5qDDeOkZBtuv8gkRzAJzs8fXWwY=
  dependencies:
    commander "*"

ms@2.0.0:
  version "2.0.0"
  resolved "https://registry.npm.taobao.org/ms/download/ms-2.0.0.tgz?cache=0&sync_timestamp=1607433856030&other_urls=https%3A%2F%2Fregistry.npm.taobao.org%2Fms%2Fdownload%2Fms-2.0.0.tgz"
  integrity sha1-VgiurfwAvmwpAd9fmGF4jeDVl8g=

ms@2.1.2:
  version "2.1.2"
  resolved "https://registry.npm.taobao.org/ms/download/ms-2.1.2.tgz?cache=0&sync_timestamp=1607433856030&other_urls=https%3A%2F%2Fregistry.npm.taobao.org%2Fms%2Fdownload%2Fms-2.1.2.tgz"
  integrity sha1-0J0fNXtEP0kzgqjrPM0YOHKuYAk=

nanoid@^3.1.22:
  version "3.1.22"
  resolved "https://registry.npm.taobao.org/nanoid/download/nanoid-3.1.22.tgz"
  integrity sha1-s1+Pt9FRmQqK69WqUBXAPPcm+EQ=

no-case@^3.0.4:
  version "3.0.4"
  resolved "https://registry.npm.taobao.org/no-case/download/no-case-3.0.4.tgz?cache=0&sync_timestamp=1606867284055&other_urls=https%3A%2F%2Fregistry.npm.taobao.org%2Fno-case%2Fdownload%2Fno-case-3.0.4.tgz#d361fd5c9800f558551a8369fc0dcd4662b6124d"
  integrity sha1-02H9XJgA9VhVGoNp/A3NRmK2Ek0=
  dependencies:
    lower-case "^2.0.2"
    tslib "^2.0.3"

normalize-path@^3.0.0, normalize-path@~3.0.0:
  version "3.0.0"
  resolved "https://registry.npm.taobao.org/normalize-path/download/normalize-path-3.0.0.tgz"
  integrity sha1-Dc1p/yOhybEf0JeDFmRKA4ghamU=

normalize-wheel@^1.0.1:
  version "1.0.1"
  resolved "https://registry.npm.taobao.org/normalize-wheel/download/normalize-wheel-1.0.1.tgz"
  integrity sha1-rsiGr/2wRQcNhWRH32Ls+GFG7EU=

on-finished@~2.3.0:
  version "2.3.0"
  resolved "https://registry.npm.taobao.org/on-finished/download/on-finished-2.3.0.tgz"
  integrity sha1-IPEzZIGwg811M3mSoWlxqi2QaUc=
  dependencies:
    ee-first "1.1.1"

param-case@^3.0.4:
  version "3.0.4"
  resolved "https://registry.npm.taobao.org/param-case/download/param-case-3.0.4.tgz?cache=0&sync_timestamp=1606867311360&other_urls=https%3A%2F%2Fregistry.npm.taobao.org%2Fparam-case%2Fdownload%2Fparam-case-3.0.4.tgz#7d17fe4aa12bde34d4a77d91acfb6219caad01c5"
  integrity sha1-fRf+SqEr3jTUp32RrPtiGcqtAcU=
  dependencies:
    dot-case "^3.0.4"
    tslib "^2.0.3"

parseurl@~1.3.3:
  version "1.3.3"
  resolved "https://registry.npm.taobao.org/parseurl/download/parseurl-1.3.3.tgz"
  integrity sha1-naGee+6NEt/wUT7Vt2lXeTvC6NQ=

pascal-case@^3.1.2:
  version "3.1.2"
  resolved "https://registry.npm.taobao.org/pascal-case/download/pascal-case-3.1.2.tgz?cache=0&sync_timestamp=1606867255187&other_urls=https%3A%2F%2Fregistry.npm.taobao.org%2Fpascal-case%2Fdownload%2Fpascal-case-3.1.2.tgz#b48e0ef2b98e205e7c1dae747d0b1508237660eb"
  integrity sha1-tI4O8rmOIF58Ha50fQsVCCN2YOs=
  dependencies:
    no-case "^3.0.4"
    tslib "^2.0.3"

path-case@^3.0.4:
  version "3.0.4"
  resolved "https://registry.npm.taobao.org/path-case/download/path-case-3.0.4.tgz#9168645334eb942658375c56f80b4c0cb5f82c6f"
  integrity sha1-kWhkUzTrlCZYN1xW+AtMDLX4LG8=
  dependencies:
    dot-case "^3.0.4"
    tslib "^2.0.3"

path-key@^3.1.0:
  version "3.1.1"
  resolved "https://registry.npm.taobao.org/path-key/download/path-key-3.1.1.tgz?cache=0&sync_timestamp=1617971691339&other_urls=https%3A%2F%2Fregistry.npm.taobao.org%2Fpath-key%2Fdownload%2Fpath-key-3.1.1.tgz"
  integrity sha1-WB9q3mWMu6ZaDTOA3ndTKVBU83U=

path-parse@^1.0.6:
  version "1.0.6"
  resolved "https://registry.npm.taobao.org/path-parse/download/path-parse-1.0.6.tgz"
  integrity sha1-1i27VnlAXXLEc37FhgDp3c8G0kw=

path-to-regexp@^6.2.0:
  version "6.2.0"
  resolved "https://registry.npm.taobao.org/path-to-regexp/download/path-to-regexp-6.2.0.tgz"
  integrity sha1-97OAMzYQTDRoia3s5hRmkjBkXzg=

picomatch@^2.0.4, picomatch@^2.2.1, picomatch@^2.2.2, picomatch@^2.2.3:
  version "2.2.3"
  resolved "https://registry.npm.taobao.org/picomatch/download/picomatch-2.2.3.tgz"
  integrity sha1-RlVH81nMwgbTxI5Goby4m/fuYZ0=

postcss-modules-extract-imports@^3.0.0:
  version "3.0.0"
  resolved "https://registry.npm.taobao.org/postcss-modules-extract-imports/download/postcss-modules-extract-imports-3.0.0.tgz?cache=0&sync_timestamp=1602588260997&other_urls=https%3A%2F%2Fregistry.npm.taobao.org%2Fpostcss-modules-extract-imports%2Fdownload%2Fpostcss-modules-extract-imports-3.0.0.tgz"
  integrity sha1-zaHwR8CugMl9vijD52pDuIAldB0=

postcss-modules-local-by-default@^4.0.0:
  version "4.0.0"
  resolved "https://registry.npm.taobao.org/postcss-modules-local-by-default/download/postcss-modules-local-by-default-4.0.0.tgz"
  integrity sha1-67tU+uFZjuz99pGgKz/zs5ClpRw=
  dependencies:
    icss-utils "^5.0.0"
    postcss-selector-parser "^6.0.2"
    postcss-value-parser "^4.1.0"

postcss-modules-scope@^3.0.0:
  version "3.0.0"
  resolved "https://registry.npm.taobao.org/postcss-modules-scope/download/postcss-modules-scope-3.0.0.tgz?cache=0&sync_timestamp=1602593195049&other_urls=https%3A%2F%2Fregistry.npm.taobao.org%2Fpostcss-modules-scope%2Fdownload%2Fpostcss-modules-scope-3.0.0.tgz"
  integrity sha1-nvMVFFbTu/oSDKRImN/Kby+gHwY=
  dependencies:
    postcss-selector-parser "^6.0.4"

postcss-modules-values@^4.0.0:
  version "4.0.0"
  resolved "https://registry.npm.taobao.org/postcss-modules-values/download/postcss-modules-values-4.0.0.tgz?cache=0&sync_timestamp=1602586215124&other_urls=https%3A%2F%2Fregistry.npm.taobao.org%2Fpostcss-modules-values%2Fdownload%2Fpostcss-modules-values-4.0.0.tgz"
  integrity sha1-18Xn5ow7s8myfL9Iyguz/7RgLJw=
  dependencies:
    icss-utils "^5.0.0"

postcss-modules@^4.0.0:
  version "4.0.0"
  resolved "https://registry.npm.taobao.org/postcss-modules/download/postcss-modules-4.0.0.tgz"
  integrity sha1-K8fydquI8/Gw+t9svXdy1DtfO5s=
  dependencies:
    generic-names "^2.0.1"
    icss-replace-symbols "^1.1.0"
    lodash.camelcase "^4.3.0"
    postcss-modules-extract-imports "^3.0.0"
    postcss-modules-local-by-default "^4.0.0"
    postcss-modules-scope "^3.0.0"
    postcss-modules-values "^4.0.0"
    string-hash "^1.1.1"

postcss-selector-parser@^6.0.2, postcss-selector-parser@^6.0.4:
  version "6.0.4"
  resolved "https://registry.npm.taobao.org/postcss-selector-parser/download/postcss-selector-parser-6.0.4.tgz"
  integrity sha1-VgdaE4CgRgTDiwY+p3Z6Epr1wrM=
  dependencies:
    cssesc "^3.0.0"
    indexes-of "^1.0.1"
    uniq "^1.0.1"
    util-deprecate "^1.0.2"

postcss-value-parser@^4.1.0:
  version "4.1.0"
  resolved "https://registry.npm.taobao.org/postcss-value-parser/download/postcss-value-parser-4.1.0.tgz"
  integrity sha1-RD9qIM7WSBor2k+oUypuVdeJoss=

postcss@^8.1.10, postcss@^8.2.1:
  version "8.2.10"
  resolved "https://registry.npm.taobao.org/postcss/download/postcss-8.2.10.tgz"
  integrity sha1-ynoEKqiv9JSzNND/Pp53B59vcCs=
  dependencies:
    colorette "^1.2.2"
    nanoid "^3.1.22"
    source-map "^0.6.1"

queue-microtask@^1.2.2:
  version "1.2.3"
  resolved "https://registry.npm.taobao.org/queue-microtask/download/queue-microtask-1.2.3.tgz?cache=0&sync_timestamp=1616391548624&other_urls=https%3A%2F%2Fregistry.npm.taobao.org%2Fqueue-microtask%2Fdownload%2Fqueue-microtask-1.2.3.tgz"
  integrity sha1-SSkii7xyTfrEPg77BYyve2z7YkM=

readdirp@~3.5.0:
  version "3.5.0"
  resolved "https://registry.npm.taobao.org/readdirp/download/readdirp-3.5.0.tgz"
  integrity sha1-m6dMAZsV02UnjS6Ru4xI17TULJ4=
  dependencies:
    picomatch "^2.2.1"

resize-observer-polyfill@^1.5.1:
  version "1.5.1"
  resolved "https://registry.npm.taobao.org/resize-observer-polyfill/download/resize-observer-polyfill-1.5.1.tgz"
  integrity sha1-DpAg3T0hAkRY1OvSfiPkAmmBBGQ=

resolve@^1.19.0:
  version "1.20.0"
  resolved "https://registry.npm.taobao.org/resolve/download/resolve-1.20.0.tgz"
  integrity sha1-YpoBP7P3B1XW8LeTXMHCxTeLGXU=
  dependencies:
    is-core-module "^2.2.0"
    path-parse "^1.0.6"

reusify@^1.0.4:
  version "1.0.4"
  resolved "https://registry.npm.taobao.org/reusify/download/reusify-1.0.4.tgz"
  integrity sha1-kNo4Kx4SbvwCFG6QhFqI2xKSXXY=

rollup@^2.38.5:
  version "2.45.2"
  resolved "https://registry.npm.taobao.org/rollup/download/rollup-2.45.2.tgz"
  integrity sha1-j7hZF8nzVgVyDpIyjzzL+6b3i0g=
  optionalDependencies:
    fsevents "~2.3.1"

run-parallel@^1.1.9:
  version "1.2.0"
  resolved "https://registry.npm.taobao.org/run-parallel/download/run-parallel-1.2.0.tgz?cache=0&sync_timestamp=1612925912322&other_urls=https%3A%2F%2Fregistry.npm.taobao.org%2Frun-parallel%2Fdownload%2Frun-parallel-1.2.0.tgz"
  integrity sha1-ZtE2jae9+SHrnZW9GpIp5/IaQ+4=
  dependencies:
    queue-microtask "^1.2.2"

sass@^1.32.8:
  version "1.32.8"
  resolved "https://registry.npm.taobao.org/sass/download/sass-1.32.8.tgz?cache=0&sync_timestamp=1613687400541&other_urls=https%3A%2F%2Fregistry.npm.taobao.org%2Fsass%2Fdownload%2Fsass-1.32.8.tgz"
  integrity sha1-8WqavY3FMK3Yg05QaHiigIwDe9w=
  dependencies:
    chokidar ">=2.0.0 <4.0.0"

sentence-case@^3.0.4:
  version "3.0.4"
  resolved "https://registry.npm.taobao.org/sentence-case/download/sentence-case-3.0.4.tgz?cache=0&sync_timestamp=1606867255613&other_urls=https%3A%2F%2Fregistry.npm.taobao.org%2Fsentence-case%2Fdownload%2Fsentence-case-3.0.4.tgz#3645a7b8c117c787fde8702056225bb62a45131f"
  integrity sha1-NkWnuMEXx4f96HAgViJbtipFEx8=
  dependencies:
    no-case "^3.0.4"
    tslib "^2.0.3"
    upper-case-first "^2.0.2"

shebang-command@^2.0.0:
  version "2.0.0"
  resolved "https://registry.npm.taobao.org/shebang-command/download/shebang-command-2.0.0.tgz"
  integrity sha1-zNCvT4g1+9wmW4JGGq8MNmY/NOo=
  dependencies:
    shebang-regex "^3.0.0"

shebang-regex@^3.0.0:
  version "3.0.0"
  resolved "https://registry.npm.taobao.org/shebang-regex/download/shebang-regex-3.0.0.tgz"
  integrity sha1-rhbxZE2HPsrYQ7AwexQzYtTEIXI=

snake-case@^3.0.4:
  version "3.0.4"
  resolved "https://registry.npm.taobao.org/snake-case/download/snake-case-3.0.4.tgz#4f2bbd568e9935abdfd593f34c691dadb49c452c"
  integrity sha1-Tyu9Vo6ZNavf1ZPzTGkdrbScRSw=
  dependencies:
    dot-case "^3.0.4"
    tslib "^2.0.3"

source-map@^0.6.1:
  version "0.6.1"
  resolved "https://registry.npm.taobao.org/source-map/download/source-map-0.6.1.tgz?cache=0&sync_timestamp=1601546737481&other_urls=https%3A%2F%2Fregistry.npm.taobao.org%2Fsource-map%2Fdownload%2Fsource-map-0.6.1.tgz"
  integrity sha1-dHIq8y6WFOnCh6jQu95IteLxomM=

sourcemap-codec@^1.4.4:
  version "1.4.8"
  resolved "https://registry.npm.taobao.org/sourcemap-codec/download/sourcemap-codec-1.4.8.tgz"
  integrity sha1-6oBL2UhXQC5pktBaOO8a41qatMQ=

statuses@~1.5.0:
  version "1.5.0"
  resolved "https://registry.npm.taobao.org/statuses/download/statuses-1.5.0.tgz?cache=0&sync_timestamp=1609654438540&other_urls=https%3A%2F%2Fregistry.npm.taobao.org%2Fstatuses%2Fdownload%2Fstatuses-1.5.0.tgz"
  integrity sha1-Fhx9rBd2Wf2YEfQ3cfqZOBR4Yow=

string-hash@^1.1.1:
  version "1.1.3"
  resolved "https://registry.npm.taobao.org/string-hash/download/string-hash-1.1.3.tgz"
  integrity sha1-6Kr8CsGFW0Zmkp7X3RJ1311sgRs=

supports-color@^7.1.0:
  version "7.2.0"
  resolved "https://registry.npm.taobao.org/supports-color/download/supports-color-7.2.0.tgz?cache=0&sync_timestamp=1611394023277&other_urls=https%3A%2F%2Fregistry.npm.taobao.org%2Fsupports-color%2Fdownload%2Fsupports-color-7.2.0.tgz"
  integrity sha1-G33NyzK4E4gBs+R4umpRyqiWSNo=
  dependencies:
    has-flag "^4.0.0"

to-fast-properties@^2.0.0:
  version "2.0.0"
  resolved "https://registry.npm.taobao.org/to-fast-properties/download/to-fast-properties-2.0.0.tgz"
  integrity sha1-3F5pjL0HkmW8c+A3doGk5Og/YW4=

to-regex-range@^5.0.1:
  version "5.0.1"
  resolved "https://registry.npm.taobao.org/to-regex-range/download/to-regex-range-5.0.1.tgz"
  integrity sha1-FkjESq58jZiKMmAY7XL1tN0DkuQ=
  dependencies:
    is-number "^7.0.0"

tslib@^2.0.3:
  version "2.2.0"
  resolved "https://registry.npm.taobao.org/tslib/download/tslib-2.2.0.tgz?cache=0&sync_timestamp=1617647281845&other_urls=https%3A%2F%2Fregistry.npm.taobao.org%2Ftslib%2Fdownload%2Ftslib-2.2.0.tgz#fb2c475977e35e241311ede2693cee1ec6698f5c"
  integrity sha1-+yxHWXfjXiQTEe3iaTzuHsZpj1w=

uniq@^1.0.1:
  version "1.0.1"
  resolved "https://registry.npm.taobao.org/uniq/download/uniq-1.0.1.tgz"
  integrity sha1-sxxa6CVIRKOoKBVBzisEuGWnNP8=

unpipe@~1.0.0:
  version "1.0.0"
  resolved "https://registry.npm.taobao.org/unpipe/download/unpipe-1.0.0.tgz"
  integrity sha1-sr9O6FFKrmFltIF4KdIbLvSZBOw=

upper-case-first@^2.0.2:
  version "2.0.2"
  resolved "https://registry.npm.taobao.org/upper-case-first/download/upper-case-first-2.0.2.tgz?cache=0&sync_timestamp=1606867254610&other_urls=https%3A%2F%2Fregistry.npm.taobao.org%2Fupper-case-first%2Fdownload%2Fupper-case-first-2.0.2.tgz#992c3273f882abd19d1e02894cc147117f844324"
  integrity sha1-mSwyc/iCq9GdHgKJTMFHEX+EQyQ=
  dependencies:
    tslib "^2.0.3"

upper-case@^2.0.2:
  version "2.0.2"
  resolved "https://registry.npm.taobao.org/upper-case/download/upper-case-2.0.2.tgz?cache=0&sync_timestamp=1606859943902&other_urls=https%3A%2F%2Fregistry.npm.taobao.org%2Fupper-case%2Fdownload%2Fupper-case-2.0.2.tgz#d89810823faab1df1549b7d97a76f8662bae6f7a"
  integrity sha1-2JgQgj+qsd8VSbfZenb4Ziuub3o=
  dependencies:
    tslib "^2.0.3"

util-deprecate@^1.0.2:
  version "1.0.2"
  resolved "https://registry.npm.taobao.org/util-deprecate/download/util-deprecate-1.0.2.tgz"
  integrity sha1-RQ1Nyfpw3nMnYvvS1KKJgUGaDM8=

utils-merge@1.0.1:
  version "1.0.1"
  resolved "https://registry.npm.taobao.org/utils-merge/download/utils-merge-1.0.1.tgz"
  integrity sha1-n5VxD1CiZ5R7LMwSR0HBAoQn5xM=

vite-plugin-mock@^2.5.0:
  version "2.5.0"
  resolved "https://registry.npm.taobao.org/vite-plugin-mock/download/vite-plugin-mock-2.5.0.tgz"
  integrity sha1-HBhfibozSS0l1cQUwdQF/OYO83k=
  dependencies:
    "@rollup/plugin-node-resolve" "^11.2.1"
    "@types/mockjs" "^1.0.3"
    chalk "^4.1.0"
    chokidar "^3.5.1"
    connect "^3.7.0"
    debug "^4.3.2"
    esbuild "^0.11.4"
    fast-glob "^3.2.5"
    path-to-regexp "^6.2.0"

vite-plugin-style-import@^0.9.2:
  version "0.9.2"
  resolved "https://registry.npm.taobao.org/vite-plugin-style-import/download/vite-plugin-style-import-0.9.2.tgz#7941de6b203418e3e24d09b82e9438e6901cc0a3"
  integrity sha1-eUHeayA0GOPiTQm4LpQ45pAcwKM=
  dependencies:
    "@rollup/pluginutils" "^4.1.0"
    change-case "^4.1.2"
    debug "^4.3.2"
    es-module-lexer "^0.4.1"
    magic-string "^0.25.7"

vite@^2.1.5:
  version "2.1.5"
  resolved "https://registry.npm.taobao.org/vite/download/vite-2.1.5.tgz?cache=0&other_urls=https%3A%2F%2Fregistry.npm.taobao.org%2Fvite%2Fdownload%2Fvite-2.1.5.tgz"
  integrity sha1-SFfaRBxi95gsg8vV9CoAMw8gycE=
  dependencies:
    esbuild "^0.9.3"
    postcss "^8.2.1"
    resolve "^1.19.0"
    rollup "^2.38.5"
  optionalDependencies:
    fsevents "~2.3.1"

vue-router@^4.0.6:
  version "4.0.6"
  resolved "https://registry.npm.taobao.org/vue-router/download/vue-router-4.0.6.tgz?cache=0&sync_timestamp=1617697726574&other_urls=https%3A%2F%2Fregistry.npm.taobao.org%2Fvue-router%2Fdownload%2Fvue-router-4.0.6.tgz"
  integrity sha1-kXUNtQfSZkLyJbDsYGRWjl/kSNY=

vue@^3.0.5:
  version "3.0.11"
  resolved "https://registry.npm.taobao.org/vue/download/vue-3.0.11.tgz?cache=0&sync_timestamp=1617321643721&other_urls=https%3A%2F%2Fregistry.npm.taobao.org%2Fvue%2Fdownload%2Fvue-3.0.11.tgz"
  integrity sha1-yC+VlMv03MhpJB1MjdPgjZqPS18=
  dependencies:
    "@vue/compiler-dom" "3.0.11"
    "@vue/runtime-dom" "3.0.11"
    "@vue/shared" "3.0.11"

vuex@^4.0.0:
  version "4.0.0"
  resolved "https://registry.npm.taobao.org/vuex/download/vuex-4.0.0.tgz?cache=0&sync_timestamp=1612277435391&other_urls=https%3A%2F%2Fregistry.npm.taobao.org%2Fvuex%2Fdownload%2Fvuex-4.0.0.tgz"
  integrity sha1-rId6p2qcRTaMl5Rx5GG1INOObPU=

which@^2.0.1:
  version "2.0.2"
  resolved "https://registry.npm.taobao.org/which/download/which-2.0.2.tgz"
  integrity sha1-fGqN0KY2oDJ+ELWckobu6T8/UbE=
  dependencies:
    isexe "^2.0.0"

yallist@^3.0.2:
  version "3.1.1"
  resolved "https://registry.npm.taobao.org/yallist/download/yallist-3.1.1.tgz"
  integrity sha1-27fa+b/YusmrRev2ArjLrQ1dCP0=
